{
    "_meta": {
        "hash": {
            "sha256": "cbbd581bac7c2e2b3f1274e961409da84eb94b7662464948388d2aefd259f5fb"
        },
        "pipfile-spec": 6,
        "requires": {
            "python_version": "3.6"
        },
        "sources": [
            {
                "name": "pypi",
                "url": "https://mirrors.aliyun.com/pypi/simple/",
                "verify_ssl": true
            }
        ]
    },
    "default": {},
    "develop": {}
}
